
Microsoft Visual Studio Solution File, Format Version 12.00
# Visual Studio Version 17
VisualStudioVersion = 17.6.33829.357
MinimumVisualStudioVersion = 10.0.40219.1
Project("{8BC9CEB8-8B4A-11D0-8D11-00A0C91BC942}") = "FirstCuda", "FirstCuda\FirstCuda.vcxproj", "{CC0E6BAA-0725-409C-B869-4B8F45EEC5DE}"
EndProject
Project("{8BC9CEB8-8B4A-11D0-8D11-00A0C91BC942}") = "SecondCuda", "SecondCuda\SecondCuda.vcxproj", "{36A69144-72EE-4951-8983-1C776A9C5F80}"
EndProject
Project("{8BC9CEB8-8B4A-11D0-8D11-00A0C91BC942}") = "CombineWithCpp", "CombineWithCpp\CombineWithCpp.vcxproj", "{07E3A3B7-B2F9-4097-8D6A-245D256139B1}"
EndProject
Project("{8BC9CEB8-8B4A-11D0-8D11-00A0C91BC942}") = "MatrixDemo", "MatrixDemo\MatrixDemo.vcxproj", "{2BD6F6DE-B8D3-4DE3-9A3F-1CEEF42B0339}"
EndProject
Project("{8BC9CEB8-8B4A-11D0-8D11-00A0C91BC942}") = "GlutCuda", "GlutCuda\GlutCuda.vcxproj", "{1705EF2F-FA6E-41D0-A63A-380FD6C73E7F}"
EndProject
Project("{8BC9CEB8-8B4A-11D0-8D11-00A0C91BC942}") = "ConsoleApplication1", "ConsoleApplication1\ConsoleApplication1.vcxproj", "{DEE15A36-6710-4456-BB2B-EA14606E5DAA}"
EndProject
Project("{8BC9CEB8-8B4A-11D0-8D11-00A0C91BC942}") = "RayTracer", "RayTracer\RayTracer.vcxproj", "{959F1C17-7376-4913-AE1D-4C78D9B99BCE}"
EndProject
Project("{8BC9CEB8-8B4A-11D0-8D11-00A0C91BC942}") = "constant_class", "constant_class\constant_class.vcxproj", "{F4789F8C-62E4-4F1C-BB86-07DAB716BD05}"
EndProject
Project("{8BC9CEB8-8B4A-11D0-8D11-00A0C91BC942}") = "checkDeviceInfor", "checkDeviceInfor\checkDeviceInfor.vcxproj", "{BAE9EF02-B255-46FC-AE41-4179271F0CE2}"
EndProject
Global
	GlobalSection(SolutionConfigurationPlatforms) = preSolution
		Debug|x64 = Debug|x64
		Debug|x86 = Debug|x86
		Release|x64 = Release|x64
		Release|x86 = Release|x86
	EndGlobalSection
	GlobalSection(ProjectConfigurationPlatforms) = postSolution
		{CC0E6BAA-0725-409C-B869-4B8F45EEC5DE}.Debug|x64.ActiveCfg = Debug|x64
		{CC0E6BAA-0725-409C-B869-4B8F45EEC5DE}.Debug|x64.Build.0 = Debug|x64
		{CC0E6BAA-0725-409C-B869-4B8F45EEC5DE}.Debug|x86.ActiveCfg = Debug|x64
		{CC0E6BAA-0725-409C-B869-4B8F45EEC5DE}.Debug|x86.Build.0 = Debug|x64
		{CC0E6BAA-0725-409C-B869-4B8F45EEC5DE}.Release|x64.ActiveCfg = Release|x64
		{CC0E6BAA-0725-409C-B869-4B8F45EEC5DE}.Release|x64.Build.0 = Release|x64
		{CC0E6BAA-0725-409C-B869-4B8F45EEC5DE}.Release|x86.ActiveCfg = Release|x64
		{CC0E6BAA-0725-409C-B869-4B8F45EEC5DE}.Release|x86.Build.0 = Release|x64
		{36A69144-72EE-4951-8983-1C776A9C5F80}.Debug|x64.ActiveCfg = Debug|x64
		{36A69144-72EE-4951-8983-1C776A9C5F80}.Debug|x64.Build.0 = Debug|x64
		{36A69144-72EE-4951-8983-1C776A9C5F80}.Debug|x86.ActiveCfg = Debug|x64
		{36A69144-72EE-4951-8983-1C776A9C5F80}.Debug|x86.Build.0 = Debug|x64
		{36A69144-72EE-4951-8983-1C776A9C5F80}.Release|x64.ActiveCfg = Release|x64
		{36A69144-72EE-4951-8983-1C776A9C5F80}.Release|x64.Build.0 = Release|x64
		{36A69144-72EE-4951-8983-1C776A9C5F80}.Release|x86.ActiveCfg = Release|x64
		{36A69144-72EE-4951-8983-1C776A9C5F80}.Release|x86.Build.0 = Release|x64
		{07E3A3B7-B2F9-4097-8D6A-245D256139B1}.Debug|x64.ActiveCfg = Debug|x64
		{07E3A3B7-B2F9-4097-8D6A-245D256139B1}.Debug|x64.Build.0 = Debug|x64
		{07E3A3B7-B2F9-4097-8D6A-245D256139B1}.Debug|x86.ActiveCfg = Debug|x64
		{07E3A3B7-B2F9-4097-8D6A-245D256139B1}.Debug|x86.Build.0 = Debug|x64
		{07E3A3B7-B2F9-4097-8D6A-245D256139B1}.Release|x64.ActiveCfg = Release|x64
		{07E3A3B7-B2F9-4097-8D6A-245D256139B1}.Release|x64.Build.0 = Release|x64
		{07E3A3B7-B2F9-4097-8D6A-245D256139B1}.Release|x86.ActiveCfg = Release|x64
		{07E3A3B7-B2F9-4097-8D6A-245D256139B1}.Release|x86.Build.0 = Release|x64
		{2BD6F6DE-B8D3-4DE3-9A3F-1CEEF42B0339}.Debug|x64.ActiveCfg = Debug|x64
		{2BD6F6DE-B8D3-4DE3-9A3F-1CEEF42B0339}.Debug|x64.Build.0 = Debug|x64
		{2BD6F6DE-B8D3-4DE3-9A3F-1CEEF42B0339}.Debug|x86.ActiveCfg = Debug|x64
		{2BD6F6DE-B8D3-4DE3-9A3F-1CEEF42B0339}.Debug|x86.Build.0 = Debug|x64
		{2BD6F6DE-B8D3-4DE3-9A3F-1CEEF42B0339}.Release|x64.ActiveCfg = Release|x64
		{2BD6F6DE-B8D3-4DE3-9A3F-1CEEF42B0339}.Release|x64.Build.0 = Release|x64
		{2BD6F6DE-B8D3-4DE3-9A3F-1CEEF42B0339}.Release|x86.ActiveCfg = Release|x64
		{2BD6F6DE-B8D3-4DE3-9A3F-1CEEF42B0339}.Release|x86.Build.0 = Release|x64
		{1705EF2F-FA6E-41D0-A63A-380FD6C73E7F}.Debug|x64.ActiveCfg = Debug|x64
		{1705EF2F-FA6E-41D0-A63A-380FD6C73E7F}.Debug|x64.Build.0 = Debug|x64
		{1705EF2F-FA6E-41D0-A63A-380FD6C73E7F}.Debug|x86.ActiveCfg = Debug|x64
		{1705EF2F-FA6E-41D0-A63A-380FD6C73E7F}.Debug|x86.Build.0 = Debug|x64
		{1705EF2F-FA6E-41D0-A63A-380FD6C73E7F}.Release|x64.ActiveCfg = Release|x64
		{1705EF2F-FA6E-41D0-A63A-380FD6C73E7F}.Release|x64.Build.0 = Release|x64
		{1705EF2F-FA6E-41D0-A63A-380FD6C73E7F}.Release|x86.ActiveCfg = Release|x64
		{1705EF2F-FA6E-41D0-A63A-380FD6C73E7F}.Release|x86.Build.0 = Release|x64
		{DEE15A36-6710-4456-BB2B-EA14606E5DAA}.Debug|x64.ActiveCfg = Debug|x64
		{DEE15A36-6710-4456-BB2B-EA14606E5DAA}.Debug|x64.Build.0 = Debug|x64
		{DEE15A36-6710-4456-BB2B-EA14606E5DAA}.Debug|x86.ActiveCfg = Debug|Win32
		{DEE15A36-6710-4456-BB2B-EA14606E5DAA}.Debug|x86.Build.0 = Debug|Win32
		{DEE15A36-6710-4456-BB2B-EA14606E5DAA}.Release|x64.ActiveCfg = Release|x64
		{DEE15A36-6710-4456-BB2B-EA14606E5DAA}.Release|x64.Build.0 = Release|x64
		{DEE15A36-6710-4456-BB2B-EA14606E5DAA}.Release|x86.ActiveCfg = Release|Win32
		{DEE15A36-6710-4456-BB2B-EA14606E5DAA}.Release|x86.Build.0 = Release|Win32
		{959F1C17-7376-4913-AE1D-4C78D9B99BCE}.Debug|x64.ActiveCfg = Debug|x64
		{959F1C17-7376-4913-AE1D-4C78D9B99BCE}.Debug|x64.Build.0 = Debug|x64
		{959F1C17-7376-4913-AE1D-4C78D9B99BCE}.Debug|x86.ActiveCfg = Debug|x64
		{959F1C17-7376-4913-AE1D-4C78D9B99BCE}.Debug|x86.Build.0 = Debug|x64
		{959F1C17-7376-4913-AE1D-4C78D9B99BCE}.Release|x64.ActiveCfg = Release|x64
		{959F1C17-7376-4913-AE1D-4C78D9B99BCE}.Release|x64.Build.0 = Release|x64
		{959F1C17-7376-4913-AE1D-4C78D9B99BCE}.Release|x86.ActiveCfg = Release|x64
		{959F1C17-7376-4913-AE1D-4C78D9B99BCE}.Release|x86.Build.0 = Release|x64
		{F4789F8C-62E4-4F1C-BB86-07DAB716BD05}.Debug|x64.ActiveCfg = Debug|x64
		{F4789F8C-62E4-4F1C-BB86-07DAB716BD05}.Debug|x64.Build.0 = Debug|x64
		{F4789F8C-62E4-4F1C-BB86-07DAB716BD05}.Debug|x86.ActiveCfg = Debug|x64
		{F4789F8C-62E4-4F1C-BB86-07DAB716BD05}.Debug|x86.Build.0 = Debug|x64
		{F4789F8C-62E4-4F1C-BB86-07DAB716BD05}.Release|x64.ActiveCfg = Release|x64
		{F4789F8C-62E4-4F1C-BB86-07DAB716BD05}.Release|x64.Build.0 = Release|x64
		{F4789F8C-62E4-4F1C-BB86-07DAB716BD05}.Release|x86.ActiveCfg = Release|x64
		{F4789F8C-62E4-4F1C-BB86-07DAB716BD05}.Release|x86.Build.0 = Release|x64
		{BAE9EF02-B255-46FC-AE41-4179271F0CE2}.Debug|x64.ActiveCfg = Debug|x64
		{BAE9EF02-B255-46FC-AE41-4179271F0CE2}.Debug|x64.Build.0 = Debug|x64
		{BAE9EF02-B255-46FC-AE41-4179271F0CE2}.Debug|x86.ActiveCfg = Debug|x64
		{BAE9EF02-B255-46FC-AE41-4179271F0CE2}.Debug|x86.Build.0 = Debug|x64
		{BAE9EF02-B255-46FC-AE41-4179271F0CE2}.Release|x64.ActiveCfg = Release|x64
		{BAE9EF02-B255-46FC-AE41-4179271F0CE2}.Release|x64.Build.0 = Release|x64
		{BAE9EF02-B255-46FC-AE41-4179271F0CE2}.Release|x86.ActiveCfg = Release|x64
		{BAE9EF02-B255-46FC-AE41-4179271F0CE2}.Release|x86.Build.0 = Release|x64
	EndGlobalSection
	GlobalSection(SolutionProperties) = preSolution
		HideSolutionNode = FALSE
	EndGlobalSection
	GlobalSection(ExtensibilityGlobals) = postSolution
		SolutionGuid = {68677B16-69D2-4E3D-A8D5-7C9EA792E320}
	EndGlobalSection
EndGlobal
