
Microsoft Visual Studio Solution File, Format Version 12.00
# Visual Studio Version 16
VisualStudioVersion = 16.0.30309.148
MinimumVisualStudioVersion = 10.0.40219.1
Project("{8BC9CEB8-8B4A-11D0-8D11-00A0C91BC942}") = "FirstCuda", "FirstCuda\FirstCuda.vcxproj", "{0EEF6E3E-2153-450F-A188-9F5204A19277}"
EndProject
Project("{8BC9CEB8-8B4A-11D0-8D11-00A0C91BC942}") = "ThirdCuda", "..\ThirdCuda\ThirdCuda.vcxproj", "{CA9D1D82-6F39-4FD0-8265-B8E6C6FB3DE7}"
EndProject
Project("{8BC9CEB8-8B4A-11D0-8D11-00A0C91BC942}") = "GlCuda1", "..\GlCuda1\GlCuda1.vcxproj", "{26842F62-958A-48B3-BB61-4D9538AF6524}"
EndProject
Project("{8BC9CEB8-8B4A-11D0-8D11-00A0C91BC942}") = "DSR", "..\DSR\DSR.vcxproj", "{480F33B5-1B07-4BC7-8781-978F79763465}"
EndProject
Project("{8BC9CEB8-8B4A-11D0-8D11-00A0C91BC942}") = "Julia", "..\Julia\Julia.vcxproj", "{72322748-9ED0-4F4E-BC67-8193C97CDE85}"
EndProject
Project("{8BC9CEB8-8B4A-11D0-8D11-00A0C91BC942}") = "Wave", "..\Wave\Wave.vcxproj", "{C19B5BCC-4D8C-44C0-B35E-AEC8C6EB3EF4}"
EndProject
Project("{8BC9CEB8-8B4A-11D0-8D11-00A0C91BC942}") = "Dot", "..\Dot\Dot.vcxproj", "{D4DCE9F3-5D0B-47A8-9083-379DD92C46F5}"
EndProject
Project("{8BC9CEB8-8B4A-11D0-8D11-00A0C91BC942}") = "RayTracing", "..\RayTracing\RayTracing.vcxproj", "{029AFAC5-3D73-46F4-A10C-A51773998B67}"
EndProject
Global
	GlobalSection(SolutionConfigurationPlatforms) = preSolution
		Debug|x64 = Debug|x64
		Debug|x86 = Debug|x86
		Release|x64 = Release|x64
		Release|x86 = Release|x86
	EndGlobalSection
	GlobalSection(ProjectConfigurationPlatforms) = postSolution
		{0EEF6E3E-2153-450F-A188-9F5204A19277}.Debug|x64.ActiveCfg = Debug|x64
		{0EEF6E3E-2153-450F-A188-9F5204A19277}.Debug|x64.Build.0 = Debug|x64
		{0EEF6E3E-2153-450F-A188-9F5204A19277}.Debug|x86.ActiveCfg = Debug|x64
		{0EEF6E3E-2153-450F-A188-9F5204A19277}.Release|x64.ActiveCfg = Release|x64
		{0EEF6E3E-2153-450F-A188-9F5204A19277}.Release|x64.Build.0 = Release|x64
		{0EEF6E3E-2153-450F-A188-9F5204A19277}.Release|x86.ActiveCfg = Release|x64
		{CA9D1D82-6F39-4FD0-8265-B8E6C6FB3DE7}.Debug|x64.ActiveCfg = Debug|x64
		{CA9D1D82-6F39-4FD0-8265-B8E6C6FB3DE7}.Debug|x64.Build.0 = Debug|x64
		{CA9D1D82-6F39-4FD0-8265-B8E6C6FB3DE7}.Debug|x86.ActiveCfg = Debug|x64
		{CA9D1D82-6F39-4FD0-8265-B8E6C6FB3DE7}.Release|x64.ActiveCfg = Release|x64
		{CA9D1D82-6F39-4FD0-8265-B8E6C6FB3DE7}.Release|x64.Build.0 = Release|x64
		{CA9D1D82-6F39-4FD0-8265-B8E6C6FB3DE7}.Release|x86.ActiveCfg = Release|x64
		{26842F62-958A-48B3-BB61-4D9538AF6524}.Debug|x64.ActiveCfg = Debug|x64
		{26842F62-958A-48B3-BB61-4D9538AF6524}.Debug|x64.Build.0 = Debug|x64
		{26842F62-958A-48B3-BB61-4D9538AF6524}.Debug|x86.ActiveCfg = Debug|x64
		{26842F62-958A-48B3-BB61-4D9538AF6524}.Release|x64.ActiveCfg = Release|x64
		{26842F62-958A-48B3-BB61-4D9538AF6524}.Release|x64.Build.0 = Release|x64
		{26842F62-958A-48B3-BB61-4D9538AF6524}.Release|x86.ActiveCfg = Release|x64
		{480F33B5-1B07-4BC7-8781-978F79763465}.Debug|x64.ActiveCfg = Debug|x64
		{480F33B5-1B07-4BC7-8781-978F79763465}.Debug|x64.Build.0 = Debug|x64
		{480F33B5-1B07-4BC7-8781-978F79763465}.Debug|x86.ActiveCfg = Debug|x64
		{480F33B5-1B07-4BC7-8781-978F79763465}.Release|x64.ActiveCfg = Release|x64
		{480F33B5-1B07-4BC7-8781-978F79763465}.Release|x64.Build.0 = Release|x64
		{480F33B5-1B07-4BC7-8781-978F79763465}.Release|x86.ActiveCfg = Release|x64
		{72322748-9ED0-4F4E-BC67-8193C97CDE85}.Debug|x64.ActiveCfg = Debug|x64
		{72322748-9ED0-4F4E-BC67-8193C97CDE85}.Debug|x64.Build.0 = Debug|x64
		{72322748-9ED0-4F4E-BC67-8193C97CDE85}.Debug|x86.ActiveCfg = Debug|x64
		{72322748-9ED0-4F4E-BC67-8193C97CDE85}.Release|x64.ActiveCfg = Release|x64
		{72322748-9ED0-4F4E-BC67-8193C97CDE85}.Release|x64.Build.0 = Release|x64
		{72322748-9ED0-4F4E-BC67-8193C97CDE85}.Release|x86.ActiveCfg = Release|x64
		{C19B5BCC-4D8C-44C0-B35E-AEC8C6EB3EF4}.Debug|x64.ActiveCfg = Debug|x64
		{C19B5BCC-4D8C-44C0-B35E-AEC8C6EB3EF4}.Debug|x64.Build.0 = Debug|x64
		{C19B5BCC-4D8C-44C0-B35E-AEC8C6EB3EF4}.Debug|x86.ActiveCfg = Debug|x64
		{C19B5BCC-4D8C-44C0-B35E-AEC8C6EB3EF4}.Release|x64.ActiveCfg = Release|x64
		{C19B5BCC-4D8C-44C0-B35E-AEC8C6EB3EF4}.Release|x64.Build.0 = Release|x64
		{C19B5BCC-4D8C-44C0-B35E-AEC8C6EB3EF4}.Release|x86.ActiveCfg = Release|x64
		{D4DCE9F3-5D0B-47A8-9083-379DD92C46F5}.Debug|x64.ActiveCfg = Debug|x64
		{D4DCE9F3-5D0B-47A8-9083-379DD92C46F5}.Debug|x64.Build.0 = Debug|x64
		{D4DCE9F3-5D0B-47A8-9083-379DD92C46F5}.Debug|x86.ActiveCfg = Debug|x64
		{D4DCE9F3-5D0B-47A8-9083-379DD92C46F5}.Release|x64.ActiveCfg = Release|x64
		{D4DCE9F3-5D0B-47A8-9083-379DD92C46F5}.Release|x64.Build.0 = Release|x64
		{D4DCE9F3-5D0B-47A8-9083-379DD92C46F5}.Release|x86.ActiveCfg = Release|x64
		{029AFAC5-3D73-46F4-A10C-A51773998B67}.Debug|x64.ActiveCfg = Debug|x64
		{029AFAC5-3D73-46F4-A10C-A51773998B67}.Debug|x64.Build.0 = Debug|x64
		{029AFAC5-3D73-46F4-A10C-A51773998B67}.Debug|x86.ActiveCfg = Debug|x64
		{029AFAC5-3D73-46F4-A10C-A51773998B67}.Release|x64.ActiveCfg = Release|x64
		{029AFAC5-3D73-46F4-A10C-A51773998B67}.Release|x64.Build.0 = Release|x64
		{029AFAC5-3D73-46F4-A10C-A51773998B67}.Release|x86.ActiveCfg = Release|x64
	EndGlobalSection
	GlobalSection(SolutionProperties) = preSolution
		HideSolutionNode = FALSE
	EndGlobalSection
	GlobalSection(ExtensibilityGlobals) = postSolution
		SolutionGuid = {014B1714-E493-464F-A156-F62D55857991}
	EndGlobalSection
EndGlobal
